
Microsoft Visual Studio Solution File, Format Version 12.00
# Visual Studio Version 16
VisualStudioVersion = 16.0.29123.88
MinimumVisualStudioVersion = 10.0.40219.1
Project("{FAE04EC0-301F-11D3-BF4B-00C04F79EFBC}") = "RequestMockerDemo", "RequestMockerDemo\RequestMockerDemo.csproj", "{130217DE-4074-4960-991C-2D3DFD710EAF}"
EndProject
Project("{FAE04EC0-301F-11D3-BF4B-00C04F79EFBC}") = "RequestMocker", "RequestMocker\RequestMocker.csproj", "{B8D73631-694A-4DA0-B352-DA41EA5B7463}"
EndProject
Global
	GlobalSection(SolutionConfigurationPlatforms) = preSolution
		Debug|Any CPU = Debug|Any CPU
		Release|Any CPU = Release|Any CPU
	EndGlobalSection
	GlobalSection(ProjectConfigurationPlatforms) = postSolution
		{130217DE-4074-4960-991C-2D3DFD710EAF}.Debug|Any CPU.ActiveCfg = Debug|Any CPU
		{130217DE-4074-4960-991C-2D3DFD710EAF}.Debug|Any CPU.Build.0 = Debug|Any CPU
		{130217DE-4074-4960-991C-2D3DFD710EAF}.Release|Any CPU.ActiveCfg = Release|Any CPU
		{130217DE-4074-4960-991C-2D3DFD710EAF}.Release|Any CPU.Build.0 = Release|Any CPU
		{B8D73631-694A-4DA0-B352-DA41EA5B7463}.Debug|Any CPU.ActiveCfg = Debug|Any CPU
		{B8D73631-694A-4DA0-B352-DA41EA5B7463}.Debug|Any CPU.Build.0 = Debug|Any CPU
		{B8D73631-694A-4DA0-B352-DA41EA5B7463}.Release|Any CPU.ActiveCfg = Release|Any CPU
		{B8D73631-694A-4DA0-B352-DA41EA5B7463}.Release|Any CPU.Build.0 = Release|Any CPU
	EndGlobalSection
	GlobalSection(SolutionProperties) = preSolution
		HideSolutionNode = FALSE
	EndGlobalSection
	GlobalSection(ExtensibilityGlobals) = postSolution
		SolutionGuid = {D975D516-F26B-43DC-9207-8921094FCEEA}
	EndGlobalSection
EndGlobal
